
Microsoft Visual Studio Solution File, Format Version 12.00
# Visual Studio Version 16
VisualStudioVersion = 16.0.30503.244
MinimumVisualStudioVersion = 10.0.40219.1
Project("{7E1199E0-CCD3-4D20-8BA4-2A6687ACA7C3}") = "RoadThemeTextureSwapper", "RoadThemeTextureSwapper.csproj", "{425650F0-6859-4E58-A9F9-0E2045CBB0CB}"
EndProject
Global
	GlobalSection(SolutionConfigurationPlatforms) = preSolution
		Debug|Any CPU = Debug|Any CPU
		Release|Any CPU = Release|Any CPU
	EndGlobalSection
	GlobalSection(ProjectConfigurationPlatforms) = postSolution
		{425650F0-6859-4E58-A9F9-0E2045CBB0CB}.Debug|Any CPU.ActiveCfg = Debug|Any CPU
		{425650F0-6859-4E58-A9F9-0E2045CBB0CB}.Debug|Any CPU.Build.0 = Debug|Any CPU
		{425650F0-6859-4E58-A9F9-0E2045CBB0CB}.Release|Any CPU.ActiveCfg = Release|Any CPU
		{425650F0-6859-4E58-A9F9-0E2045CBB0CB}.Release|Any CPU.Build.0 = Release|Any CPU
	EndGlobalSection
	GlobalSection(SolutionProperties) = preSolution
		HideSolutionNode = FALSE
	EndGlobalSection
	GlobalSection(ExtensibilityGlobals) = postSolution
		# SolutionGuid = 
	EndGlobalSection
EndGlobal
